# This file is automatically @generated by Cargo.
# It is not intended for manual editing.
version = 4

[[package]]
name = "locatch_query"
version = "0.1.0"

[[package]]
name = "locatch_queryf_matchfilter"
version = "0.1.0"
dependencies = [
 "locatch_query",
 "locatch_queryr",
]

[[package]]
name = "locatch_queryr"
version = "0.1.0"
dependencies = [
 "locatch_query",
]
